
Microsoft Visual Studio Solution File, Format Version 12.00
# Visual Studio 15
VisualStudioVersion = 15.0.28307.1209
MinimumVisualStudioVersion = 10.0.40219.1
Project("{FAE04EC0-301F-11D3-BF4B-00C04F79EFBC}") = "FindMagazinePosition", "FindMagazinePosition\FindMagazinePosition.csproj", "{774BFC54-AFC5-4B3B-8576-9722D1C146B8}"
EndProject
Project("{FAE04EC0-301F-11D3-BF4B-00C04F79EFBC}") = "FindMagazinePosition.Tests", "FindMagazinePosition.Tests\FindMagazinePosition.Tests.csproj", "{E28B5F55-49D6-40DA-AB54-BD415CEFAD0C}"
EndProject
Global
	GlobalSection(SolutionConfigurationPlatforms) = preSolution
		Debug|Any CPU = Debug|Any CPU
		Release|Any CPU = Release|Any CPU
	EndGlobalSection
	GlobalSection(ProjectConfigurationPlatforms) = postSolution
		{774BFC54-AFC5-4B3B-8576-9722D1C146B8}.Debug|Any CPU.ActiveCfg = Debug|Any CPU
		{774BFC54-AFC5-4B3B-8576-9722D1C146B8}.Debug|Any CPU.Build.0 = Debug|Any CPU
		{774BFC54-AFC5-4B3B-8576-9722D1C146B8}.Release|Any CPU.ActiveCfg = Release|Any CPU
		{774BFC54-AFC5-4B3B-8576-9722D1C146B8}.Release|Any CPU.Build.0 = Release|Any CPU
		{E28B5F55-49D6-40DA-AB54-BD415CEFAD0C}.Debug|Any CPU.ActiveCfg = Debug|Any CPU
		{E28B5F55-49D6-40DA-AB54-BD415CEFAD0C}.Debug|Any CPU.Build.0 = Debug|Any CPU
		{E28B5F55-49D6-40DA-AB54-BD415CEFAD0C}.Release|Any CPU.ActiveCfg = Release|Any CPU
		{E28B5F55-49D6-40DA-AB54-BD415CEFAD0C}.Release|Any CPU.Build.0 = Release|Any CPU
	EndGlobalSection
	GlobalSection(SolutionProperties) = preSolution
		HideSolutionNode = FALSE
	EndGlobalSection
	GlobalSection(ExtensibilityGlobals) = postSolution
		SolutionGuid = {5D38179B-131E-4CC5-B0A8-06CC934B2565}
	EndGlobalSection
EndGlobal
